{
    "_readme": [
        "This file locks the dependencies of your project to a known state",
        "Read more about it at https://getcomposer.org/doc/01-basic-usage.md#installing-dependencies",
        "This file is @generated automatically"
    ],
    "content-hash": "690dfc76b524898cae2293cb749d069d",
    "packages": [
        {
            "name": "spatie/calendar-links",
            "version": "1.2.4",
            "source": {
                "type": "git",
                "url": "https://github.com/spatie/calendar-links.git",
                "reference": "3a07e388bc41475a8e8e4da6f42616c3a19b74bc"
            },
            "dist": {
                "type": "zip",
                "url": "https://api.github.com/repos/spatie/calendar-links/zipball/3a07e388bc41475a8e8e4da6f42616c3a19b74bc",
                "reference": "3a07e388bc41475a8e8e4da6f42616c3a19b74bc",
                "shasum": ""
            },
            "require": {
                "php": "^7.0"
            },
            "require-dev": {
                "phpunit/phpunit": "^6.0",
                "spatie/phpunit-snapshot-assertions": "^1.0"
            },
            "type": "library",
            "autoload": {
                "psr-4": {
                    "Spatie\\CalendarLinks\\": "src"
                }
            },
            "notification-url": "https://packagist.org/downloads/",
            "license": [
                "MIT"
            ],
            "authors": [
                {
                    "name": "Sebastian De Deyne",
                    "email": "sebastian@spatie.be",
                    "homepage": "https://spatie.be",
                    "role": "Developer"
                }
            ],
            "description": "Generate add to calendar links for Google, iCal and other calendar systems",
            "homepage": "https://github.com/spatie/calendar-links",
            "keywords": [
                "calendar-links",
                "spatie"
            ],
            "time": "2019-07-17T09:49:53+00:00"
        }
    ],
    "packages-dev": [],
    "aliases": [],
    "minimum-stability": "stable",
    "stability-flags": [],
    "prefer-stable": false,
    "prefer-lowest": false,
    "platform": [],
    "platform-dev": []
}
